%{
  "circuits_spi": {:hex, :circuits_spi, "1.3.0", "d66d4c8818739416958cea1d846d66896ab7c28fa42695f1cae3c2c7a3e9e9ca", [:make, :mix], [{:elixir_make, "~> 0.6", [hex: :elixir_make, repo: "hexpm", optional: false]}], "hexpm", "56e49b346fdd43185832a03d3de3751c2ce9928ee3ce4a31a364f6548fe2b74c"},
  "elixir_make": {:hex, :elixir_make, "0.6.3", "bc07d53221216838d79e03a8019d0839786703129599e9619f4ab74c8c096eac", [:mix], [], "hexpm", "f5cbd651c5678bcaabdbb7857658ee106b12509cd976c2c2fca99688e1daf716"},
}
